
Microsoft Visual Studio Solution File, Format Version 11.00
# Visual Studio 2010
Project("{8BC9CEB8-8B4A-11D0-8D11-00A0C91BC942}") = "test", "test\test.vcxproj", "{180B2E3A-DA64-4F10-902C-28FA5E729ECA}"
EndProject
Global
	GlobalSection(SolutionConfigurationPlatforms) = preSolution
		Debug|Win32 = Debug|Win32
		Release|Win32 = Release|Win32
	EndGlobalSection
	GlobalSection(ProjectConfigurationPlatforms) = postSolution
		{180B2E3A-DA64-4F10-902C-28FA5E729ECA}.Debug|Win32.ActiveCfg = Debug|Win32
		{180B2E3A-DA64-4F10-902C-28FA5E729ECA}.Debug|Win32.Build.0 = Debug|Win32
		{180B2E3A-DA64-4F10-902C-28FA5E729ECA}.Release|Win32.ActiveCfg = Release|Win32
		{180B2E3A-DA64-4F10-902C-28FA5E729ECA}.Release|Win32.Build.0 = Release|Win32
	EndGlobalSection
	GlobalSection(SolutionProperties) = preSolution
		HideSolutionNode = FALSE
	EndGlobalSection
EndGlobal
